
Microsoft Visual Studio Solution File, Format Version 12.00
# Visual Studio Version 17
VisualStudioVersion = 17.9.34616.47
MinimumVisualStudioVersion = 10.0.40219.1
Project("{2150E333-8FDC-42A3-9474-1A3956D46DE8}") = "Solution Items", "Solution Items", "{2F960240-950D-403A-A047-C903C5DA9136}"
	ProjectSection(SolutionItems) = preProject
		Directory.Build.props = Directory.Build.props
		Directory.Packages.props = Directory.Packages.props
	EndProjectSection
EndProject
Project("{2150E333-8FDC-42A3-9474-1A3956D46DE8}") = "graphql-dotnet", "graphql-dotnet", "{027277EE-B7ED-4102-8250-C49A87E0E519}"
EndProject
Project("{9A19103F-16F7-4668-BE54-9A1E7A4F7556}") = "Test.GraphQL", "Test.GraphQL\Test.GraphQL.csproj", "{92664A71-C2E5-4769-9A3C-6D7D96599E69}"
EndProject
Project("{2150E333-8FDC-42A3-9474-1A3956D46DE8}") = "graphql-platform", "graphql-platform", "{FF25B9BB-B999-40C2-BDCE-EADBD1397339}"
EndProject
Project("{9A19103F-16F7-4668-BE54-9A1E7A4F7556}") = "Liyanjie.HotChocolate.FusionGateway", "Liyanjie.HotChocolate.FusionGateway\Liyanjie.HotChocolate.FusionGateway.csproj", "{669CFB19-471A-40D6-9E78-1FEA0FBE2225}"
EndProject
Project("{9A19103F-16F7-4668-BE54-9A1E7A4F7556}") = "0.Test.GraphQL.Base", "Test.GraphQL.Base\0.Test.GraphQL.Base.csproj", "{7BCEBCC0-326B-444E-8134-E451AB8F4697}"
EndProject
Project("{9A19103F-16F7-4668-BE54-9A1E7A4F7556}") = "1.Test.GraphQL.Identity", "Test.GraphQL.Identity\1.Test.GraphQL.Identity.csproj", "{52D7F67A-48B6-4178-8D92-6E2F500F36B9}"
EndProject
Project("{9A19103F-16F7-4668-BE54-9A1E7A4F7556}") = "2.Test.GraphQL.Account", "Test.GraphQL.Account\2.Test.GraphQL.Account.csproj", "{54D52E9C-EC89-4F97-897B-337655412C2F}"
EndProject
Project("{9A19103F-16F7-4668-BE54-9A1E7A4F7556}") = "Test.GraphQL.Gateway", "Test.GraphQL.Gateway\Test.GraphQL.Gateway.csproj", "{7D1C7C36-D103-4013-A431-5E08C1A6C20A}"
EndProject
Project("{2150E333-8FDC-42A3-9474-1A3956D46DE8}") = "BuildingBlocks", "BuildingBlocks", "{DC49A97F-6550-4C10-9953-CD7B3A3E29EA}"
EndProject
Project("{FAE04EC0-301F-11D3-BF4B-00C04F79EFBC}") = "Test.GraphQL.Combine", "Test.GraphQL.Combine\Test.GraphQL.Combine.csproj", "{DCC6D8DF-B5E5-4A76-BD03-EE936F19CDE1}"
EndProject
Global
	GlobalSection(SolutionConfigurationPlatforms) = preSolution
		Debug|Any CPU = Debug|Any CPU
		Release|Any CPU = Release|Any CPU
	EndGlobalSection
	GlobalSection(ProjectConfigurationPlatforms) = postSolution
		{92664A71-C2E5-4769-9A3C-6D7D96599E69}.Debug|Any CPU.ActiveCfg = Debug|Any CPU
		{92664A71-C2E5-4769-9A3C-6D7D96599E69}.Debug|Any CPU.Build.0 = Debug|Any CPU
		{92664A71-C2E5-4769-9A3C-6D7D96599E69}.Release|Any CPU.ActiveCfg = Release|Any CPU
		{92664A71-C2E5-4769-9A3C-6D7D96599E69}.Release|Any CPU.Build.0 = Release|Any CPU
		{669CFB19-471A-40D6-9E78-1FEA0FBE2225}.Debug|Any CPU.ActiveCfg = Debug|Any CPU
		{669CFB19-471A-40D6-9E78-1FEA0FBE2225}.Debug|Any CPU.Build.0 = Debug|Any CPU
		{669CFB19-471A-40D6-9E78-1FEA0FBE2225}.Release|Any CPU.ActiveCfg = Release|Any CPU
		{669CFB19-471A-40D6-9E78-1FEA0FBE2225}.Release|Any CPU.Build.0 = Release|Any CPU
		{7BCEBCC0-326B-444E-8134-E451AB8F4697}.Debug|Any CPU.ActiveCfg = Debug|Any CPU
		{7BCEBCC0-326B-444E-8134-E451AB8F4697}.Debug|Any CPU.Build.0 = Debug|Any CPU
		{7BCEBCC0-326B-444E-8134-E451AB8F4697}.Release|Any CPU.ActiveCfg = Release|Any CPU
		{7BCEBCC0-326B-444E-8134-E451AB8F4697}.Release|Any CPU.Build.0 = Release|Any CPU
		{52D7F67A-48B6-4178-8D92-6E2F500F36B9}.Debug|Any CPU.ActiveCfg = Debug|Any CPU
		{52D7F67A-48B6-4178-8D92-6E2F500F36B9}.Debug|Any CPU.Build.0 = Debug|Any CPU
		{52D7F67A-48B6-4178-8D92-6E2F500F36B9}.Release|Any CPU.ActiveCfg = Release|Any CPU
		{52D7F67A-48B6-4178-8D92-6E2F500F36B9}.Release|Any CPU.Build.0 = Release|Any CPU
		{54D52E9C-EC89-4F97-897B-337655412C2F}.Debug|Any CPU.ActiveCfg = Debug|Any CPU
		{54D52E9C-EC89-4F97-897B-337655412C2F}.Debug|Any CPU.Build.0 = Debug|Any CPU
		{54D52E9C-EC89-4F97-897B-337655412C2F}.Release|Any CPU.ActiveCfg = Release|Any CPU
		{54D52E9C-EC89-4F97-897B-337655412C2F}.Release|Any CPU.Build.0 = Release|Any CPU
		{7D1C7C36-D103-4013-A431-5E08C1A6C20A}.Debug|Any CPU.ActiveCfg = Debug|Any CPU
		{7D1C7C36-D103-4013-A431-5E08C1A6C20A}.Debug|Any CPU.Build.0 = Debug|Any CPU
		{7D1C7C36-D103-4013-A431-5E08C1A6C20A}.Release|Any CPU.ActiveCfg = Release|Any CPU
		{7D1C7C36-D103-4013-A431-5E08C1A6C20A}.Release|Any CPU.Build.0 = Release|Any CPU
		{DCC6D8DF-B5E5-4A76-BD03-EE936F19CDE1}.Debug|Any CPU.ActiveCfg = Debug|Any CPU
		{DCC6D8DF-B5E5-4A76-BD03-EE936F19CDE1}.Debug|Any CPU.Build.0 = Debug|Any CPU
		{DCC6D8DF-B5E5-4A76-BD03-EE936F19CDE1}.Release|Any CPU.ActiveCfg = Release|Any CPU
		{DCC6D8DF-B5E5-4A76-BD03-EE936F19CDE1}.Release|Any CPU.Build.0 = Release|Any CPU
	EndGlobalSection
	GlobalSection(SolutionProperties) = preSolution
		HideSolutionNode = FALSE
	EndGlobalSection
	GlobalSection(NestedProjects) = preSolution
		{92664A71-C2E5-4769-9A3C-6D7D96599E69} = {027277EE-B7ED-4102-8250-C49A87E0E519}
		{669CFB19-471A-40D6-9E78-1FEA0FBE2225} = {DC49A97F-6550-4C10-9953-CD7B3A3E29EA}
		{7BCEBCC0-326B-444E-8134-E451AB8F4697} = {FF25B9BB-B999-40C2-BDCE-EADBD1397339}
		{52D7F67A-48B6-4178-8D92-6E2F500F36B9} = {FF25B9BB-B999-40C2-BDCE-EADBD1397339}
		{54D52E9C-EC89-4F97-897B-337655412C2F} = {FF25B9BB-B999-40C2-BDCE-EADBD1397339}
		{7D1C7C36-D103-4013-A431-5E08C1A6C20A} = {FF25B9BB-B999-40C2-BDCE-EADBD1397339}
		{DC49A97F-6550-4C10-9953-CD7B3A3E29EA} = {FF25B9BB-B999-40C2-BDCE-EADBD1397339}
		{DCC6D8DF-B5E5-4A76-BD03-EE936F19CDE1} = {FF25B9BB-B999-40C2-BDCE-EADBD1397339}
	EndGlobalSection
	GlobalSection(ExtensibilityGlobals) = postSolution
		SolutionGuid = {4E732020-4FE9-4B6B-868A-24333B95AE72}
	EndGlobalSection
EndGlobal
